
Microsoft Visual Studio Solution File, Format Version 12.00
# Visual Studio Version 16
VisualStudioVersion = 16.0.31424.327
MinimumVisualStudioVersion = 10.0.40219.1
Project("{FAE04EC0-301F-11D3-BF4B-00C04F79EFBC}") = "ToDo", "ToDo\ToDo.csproj", "{273A0D32-D296-40AE-A5DB-BF20480740D1}"
EndProject
Global
	GlobalSection(SolutionConfigurationPlatforms) = preSolution
		Debug|Any CPU = Debug|Any CPU
		Release|Any CPU = Release|Any CPU
	EndGlobalSection
	GlobalSection(ProjectConfigurationPlatforms) = postSolution
		{273A0D32-D296-40AE-A5DB-BF20480740D1}.Debug|Any CPU.ActiveCfg = Debug|Any CPU
		{273A0D32-D296-40AE-A5DB-BF20480740D1}.Debug|Any CPU.Build.0 = Debug|Any CPU
		{273A0D32-D296-40AE-A5DB-BF20480740D1}.Release|Any CPU.ActiveCfg = Release|Any CPU
		{273A0D32-D296-40AE-A5DB-BF20480740D1}.Release|Any CPU.Build.0 = Release|Any CPU
	EndGlobalSection
	GlobalSection(SolutionProperties) = preSolution
		HideSolutionNode = FALSE
	EndGlobalSection
	GlobalSection(ExtensibilityGlobals) = postSolution
		SolutionGuid = {8CCD0D57-0742-410F-8123-19079D28C88B}
	EndGlobalSection
EndGlobal
